Microsoft Visual Studio Solution File, Format Version 12.00
# Visual Studio Version 17
VisualStudioVersion = 17.13.35825.156
MinimumVisualStudioVersion = 10.0.40219.1
Project("{FAE04EC0-301F-11D3-BF4B-00C04F79EFBC}") = "Nodepad_WPF", "Nodepad_WPF\Nodepad_WPF.csproj", "{28B3535E-2361-4B64-8C2F-4193B350F768}"
EndProject
Global
	GlobalSection(SolutionConfigurationPlatforms) = preSolution
		Debug|Any CPU = Debug|Any CPU
		Release|Any CPU = Release|Any CPU
	EndGlobalSection
	GlobalSection(ProjectConfigurationPlatforms) = postSolution
		{28B3535E-2361-4B64-8C2F-4193B350F768}.Debug|Any CPU.ActiveCfg = Debug|Any CPU
		{28B3535E-2361-4B64-8C2F-4193B350F768}.Debug|Any CPU.Build.0 = Debug|Any CPU
		{28B3535E-2361-4B64-8C2F-4193B350F768}.Release|Any CPU.ActiveCfg = Release|Any CPU
		{28B3535E-2361-4B64-8C2F-4193B350F768}.Release|Any CPU.Build.0 = Release|Any CPU
	EndGlobalSection
	GlobalSection(SolutionProperties) = preSolution
		HideSolutionNode = FALSE
	EndGlobalSection
	GlobalSection(ExtensibilityGlobals) = postSolution
		SolutionGuid = {9E209EAD-C0A4-439D-B309-9AB3CC3ADA5F}
	EndGlobalSection
EndGlobal
